
Microsoft Visual Studio Solution File, Format Version 12.00
# Visual Studio 2012
Project("{FAE04EC0-301F-11D3-BF4B-00C04F79EFBC}") = "MultiDeckPoker", "MultiDeckPoker\MultiDeckPoker.csproj", "{E7255190-2171-4501-AC35-7513131C691F}"
EndProject
Project("{FAE04EC0-301F-11D3-BF4B-00C04F79EFBC}") = "MultiDeckPokerCore", "MultiDeckPokerCore\MultiDeckPokerCore.csproj", "{C5C9C711-381A-4692-BF61-54EA0F35D294}"
EndProject
Project("{FAE04EC0-301F-11D3-BF4B-00C04F79EFBC}") = "MultiDeckPokerCoreTest", "MultiDeckPokerCoreTest\MultiDeckPokerCoreTest.csproj", "{45FD8C00-1F9A-4BE5-BE78-0C73199E835C}"
EndProject
Global
	GlobalSection(SolutionConfigurationPlatforms) = preSolution
		Debug|Any CPU = Debug|Any CPU
		Release|Any CPU = Release|Any CPU
	EndGlobalSection
	GlobalSection(ProjectConfigurationPlatforms) = postSolution
		{E7255190-2171-4501-AC35-7513131C691F}.Debug|Any CPU.ActiveCfg = Debug|Any CPU
		{E7255190-2171-4501-AC35-7513131C691F}.Debug|Any CPU.Build.0 = Debug|Any CPU
		{E7255190-2171-4501-AC35-7513131C691F}.Release|Any CPU.ActiveCfg = Release|Any CPU
		{E7255190-2171-4501-AC35-7513131C691F}.Release|Any CPU.Build.0 = Release|Any CPU
		{C5C9C711-381A-4692-BF61-54EA0F35D294}.Debug|Any CPU.ActiveCfg = Debug|Any CPU
		{C5C9C711-381A-4692-BF61-54EA0F35D294}.Debug|Any CPU.Build.0 = Debug|Any CPU
		{C5C9C711-381A-4692-BF61-54EA0F35D294}.Release|Any CPU.ActiveCfg = Release|Any CPU
		{C5C9C711-381A-4692-BF61-54EA0F35D294}.Release|Any CPU.Build.0 = Release|Any CPU
		{45FD8C00-1F9A-4BE5-BE78-0C73199E835C}.Debug|Any CPU.ActiveCfg = Debug|Any CPU
		{45FD8C00-1F9A-4BE5-BE78-0C73199E835C}.Debug|Any CPU.Build.0 = Debug|Any CPU
		{45FD8C00-1F9A-4BE5-BE78-0C73199E835C}.Release|Any CPU.ActiveCfg = Release|Any CPU
		{45FD8C00-1F9A-4BE5-BE78-0C73199E835C}.Release|Any CPU.Build.0 = Release|Any CPU
	EndGlobalSection
EndGlobal
